
Microsoft Visual Studio Solution File, Format Version 12.00
# Visual Studio 14
VisualStudioVersion = 14.0.25420.1
MinimumVisualStudioVersion = 10.0.40219.1
Project("{2150E333-8FDC-42A3-9474-1A3956D46DE8}") = "src", "src", "{105D7601-B13F-4337-8F27-033AE296327F}"
EndProject
Project("{2150E333-8FDC-42A3-9474-1A3956D46DE8}") = "Solution Items", "Solution Items", "{C619A199-B872-4E91-83B1-52BA5F46ED52}"
	ProjectSection(SolutionItems) = preProject
		global.json = global.json
	EndProjectSection
EndProject
Project("{8BB2217D-0F2D-49D1-97BC-3654ED321F3B}") = "WebApplicationTemplate", "src\WebApplicationTemplate\WebApplicationTemplate.xproj", "{9548A2D1-A33E-4204-A2DA-48972506B923}"
EndProject
Global
	GlobalSection(SolutionConfigurationPlatforms) = preSolution
		Debug|Any CPU = Debug|Any CPU
		Release|Any CPU = Release|Any CPU
	EndGlobalSection
	GlobalSection(ProjectConfigurationPlatforms) = postSolution
		{9548A2D1-A33E-4204-A2DA-48972506B923}.Debug|Any CPU.ActiveCfg = Debug|Any CPU
		{9548A2D1-A33E-4204-A2DA-48972506B923}.Debug|Any CPU.Build.0 = Debug|Any CPU
		{9548A2D1-A33E-4204-A2DA-48972506B923}.Release|Any CPU.ActiveCfg = Release|Any CPU
		{9548A2D1-A33E-4204-A2DA-48972506B923}.Release|Any CPU.Build.0 = Release|Any CPU
	EndGlobalSection
	GlobalSection(SolutionProperties) = preSolution
		HideSolutionNode = FALSE
	EndGlobalSection
	GlobalSection(NestedProjects) = preSolution
		{9548A2D1-A33E-4204-A2DA-48972506B923} = {105D7601-B13F-4337-8F27-033AE296327F}
	EndGlobalSection
EndGlobal
